// !$*UTF8*$!
{
	archiveVersion = 1;
	classes = {
	};
	objectVersion = 50;
	objects = {

/* Begin PBXBuildFile section */
		0FEE2B2FD504D64C51982C1E /* Pods_POCTests.framework in Frameworks */ = {isa = PBXBuildFile; fileRef = 911F88D4A8D566E8082BB94E /* Pods_POCTests.framework */; };
		8439D49720D10E1D002FC9C4 /* AppDelegate.swift in Sources */ = {isa = PBXBuildFile; fileRef = 8439D49620D10E1D002FC9C4 /* AppDelegate.swift */; };
		8439D4A120D10E38002FC9C4 /* Assets.xcassets in Resources */ = {isa = PBXBuildFile; fileRef = 8439D4A020D10E38002FC9C4 /* Assets.xcassets */; };
		8439D4BA20D10E39002FC9C4 /* POCUITests.swift in Sources */ = {isa = PBXBuildFile; fileRef = 8439D4B920D10E39002FC9C4 /* POCUITests.swift */; };
		8439D4D120D112D3002FC9C4 /* CanadaListDataModel.swift in Sources */ = {isa = PBXBuildFile; fileRef = 8439D4D020D112D3002FC9C4 /* CanadaListDataModel.swift */; };
		843C683720D73E4A00D27EB5 /* Extention.swift in Sources */ = {isa = PBXBuildFile; fileRef = 843C683620D73E4A00D27EB5 /* Extention.swift */; };
		843C683E20E24EF200D27EB5 /* CanadaListTableViewCell.swift in Sources */ = {isa = PBXBuildFile; fileRef = 843C683C20E24EF200D27EB5 /* CanadaListTableViewCell.swift */; };
		843C683F20E24EF200D27EB5 /* CanadaListViewController.swift in Sources */ = {isa = PBXBuildFile; fileRef = 843C683D20E24EF200D27EB5 /* CanadaListViewController.swift */; };
		843C684120E2A5AC00D27EB5 /* aboutcanada.json in Resources */ = {isa = PBXBuildFile; fileRef = 843C684020E2A5AB00D27EB5 /* aboutcanada.json */; };
		843C684220E2A5AC00D27EB5 /* aboutcanada.json in Resources */ = {isa = PBXBuildFile; fileRef = 843C684020E2A5AB00D27EB5 /* aboutcanada.json */; };
		846E971B20E4889D00627FD0 /* CanadaModelTestCases.swift in Sources */ = {isa = PBXBuildFile; fileRef = 846E971A20E4889D00627FD0 /* CanadaModelTestCases.swift */; };
		847D00E420D24F8300B25073 /* Utilities.swift in Sources */ = {isa = PBXBuildFile; fileRef = 847D00E320D24F8000B25073 /* Utilities.swift */; };
		84E1ED6720D19965005A9FF9 /* APIClient.swift in Sources */ = {isa = PBXBuildFile; fileRef = 84E1ED6620D19965005A9FF9 /* APIClient.swift */; };
		84E1ED6920D19B3C005A9FF9 /* CanadaListViewModel.swift in Sources */ = {isa = PBXBuildFile; fileRef = 84E1ED6820D19B3C005A9FF9 /* CanadaListViewModel.swift */; };
		BB233BEA5C2192D49C1DEA2C /* Pods_POC.framework in Frameworks */ = {isa = PBXBuildFile; fileRef = 6E277625A8308025FE0D03E9 /* Pods_POC.framework */; };
		DC12CFA2B7ACAF32326C3C31 /* Pods_POCUITests.framework in Frameworks */ = {isa = PBXBuildFile; fileRef = 0893A1E74D12065DBA3DA67C /* Pods_POCUITests.framework */; };
/* End PBXBuildFile section */

/* Begin PBXContainerItemProxy section */
		8439D4AB20D10E38002FC9C4 /* PBXContainerItemProxy */ = {
			isa = PBXContainerItemProxy;
			containerPortal = 8439D48B20D10E1B002FC9C4 /* Project object */;
			proxyType = 1;
			remoteGlobalIDString = 8439D49220D10E1C002FC9C4;
			remoteInfo = POC;
		};
		8439D4B620D10E39002FC9C4 /* PBXContainerItemProxy */ = {
			isa = PBXContainerItemProxy;
			containerPortal = 8439D48B20D10E1B002FC9C4 /* Project object */;
			proxyType = 1;
			remoteGlobalIDString = 8439D49220D10E1C002FC9C4;
			remoteInfo = POC;
		};
/* End PBXContainerItemProxy section */

/* Begin PBXFileReference section */
		0893A1E74D12065DBA3DA67C /* Pods_POCUITests.framework */ = {isa = PBXFileReference; explicitFileType = wrapper.framework; includeInIndex = 0; path = Pods_POCUITests.framework; sourceTree = BUILT_PRODUCTS_DIR; };
		0E0611C8AB41BA6A5C5B586B /* Pods-POC.release.xcconfig */ = {isa = PBXFileReference; includeInIndex = 1; lastKnownFileType = text.xcconfig; name = "Pods-POC.release.xcconfig"; path = "Pods/Target Support Files/Pods-POC/Pods-POC.release.xcconfig"; sourceTree = "<group>"; };
		4CFF588837BC91A2B19531DA /* Pods-POC.debug.xcconfig */ = {isa = PBXFileReference; includeInIndex = 1; lastKnownFileType = text.xcconfig; name = "Pods-POC.debug.xcconfig"; path = "Pods/Target Support Files/Pods-POC/Pods-POC.debug.xcconfig"; sourceTree = "<group>"; };
		68B14533CCB85C8F0166A9FB /* Pods-POCUITests.debug.xcconfig */ = {isa = PBXFileReference; includeInIndex = 1; lastKnownFileType = text.xcconfig; name = "Pods-POCUITests.debug.xcconfig"; path = "Pods/Target Support Files/Pods-POCUITests/Pods-POCUITests.debug.xcconfig"; sourceTree = "<group>"; };
		6E277625A8308025FE0D03E9 /* Pods_POC.framework */ = {isa = PBXFileReference; explicitFileType = wrapper.framework; includeInIndex = 0; path = Pods_POC.framework; sourceTree = BUILT_PRODUCTS_DIR; };
		817CF7F7078ED28EC451338C /* Pods-POCTests.release.xcconfig */ = {isa = PBXFileReference; includeInIndex = 1; lastKnownFileType = text.xcconfig; name = "Pods-POCTests.release.xcconfig"; path = "Pods/Target Support Files/Pods-POCTests/Pods-POCTests.release.xcconfig"; sourceTree = "<group>"; };
		8439D49320D10E1D002FC9C4 /* POC.app */ = {isa = PBXFileReference; explicitFileType = wrapper.application; includeInIndex = 0; path = POC.app; sourceTree = BUILT_PRODUCTS_DIR; };
		8439D49620D10E1D002FC9C4 /* AppDelegate.swift */ = {isa = PBXFileReference; lastKnownFileType = sourcecode.swift; path = AppDelegate.swift; sourceTree = "<group>"; };
		8439D4A020D10E38002FC9C4 /* Assets.xcassets */ = {isa = PBXFileReference; lastKnownFileType = folder.assetcatalog; path = Assets.xcassets; sourceTree = "<group>"; };
		8439D4A520D10E38002FC9C4 /* Info.plist */ = {isa = PBXFileReference; lastKnownFileType = text.plist.xml; path = Info.plist; sourceTree = "<group>"; };
		8439D4AA20D10E38002FC9C4 /* POCTests.xctest */ = {isa = PBXFileReference; explicitFileType = wrapper.cfbundle; includeInIndex = 0; path = POCTests.xctest; sourceTree = BUILT_PRODUCTS_DIR; };
		8439D4B020D10E39002FC9C4 /* Info.plist */ = {isa = PBXFileReference; lastKnownFileType = text.plist.xml; path = Info.plist; sourceTree = "<group>"; };
		8439D4B520D10E39002FC9C4 /* POCUITests.xctest */ = {isa = PBXFileReference; explicitFileType = wrapper.cfbundle; includeInIndex = 0; path = POCUITests.xctest; sourceTree = BUILT_PRODUCTS_DIR; };
		8439D4B920D10E39002FC9C4 /* POCUITests.swift */ = {isa = PBXFileReference; lastKnownFileType = sourcecode.swift; path = POCUITests.swift; sourceTree = "<group>"; };
		8439D4BB20D10E39002FC9C4 /* Info.plist */ = {isa = PBXFileReference; lastKnownFileType = text.plist.xml; path = Info.plist; sourceTree = "<group>"; };
		8439D4D020D112D3002FC9C4 /* CanadaListDataModel.swift */ = {isa = PBXFileReference; lastKnownFileType = sourcecode.swift; path = CanadaListDataModel.swift; sourceTree = "<group>"; };
		843C683620D73E4A00D27EB5 /* Extention.swift */ = {isa = PBXFileReference; lastKnownFileType = sourcecode.swift; path = Extention.swift; sourceTree = "<group>"; };
		843C683C20E24EF200D27EB5 /* CanadaListTableViewCell.swift */ = {isa = PBXFileReference; fileEncoding = 4; lastKnownFileType = sourcecode.swift; path = CanadaListTableViewCell.swift; sourceTree = "<group>"; };
		843C683D20E24EF200D27EB5 /* CanadaListViewController.swift */ = {isa = PBXFileReference; fileEncoding = 4; lastKnownFileType = sourcecode.swift; path = CanadaListViewController.swift; sourceTree = "<group>"; };
		843C684020E2A5AB00D27EB5 /* aboutcanada.json */ = {isa = PBXFileReference; fileEncoding = 4; lastKnownFileType = text.json; path = aboutcanada.json; sourceTree = "<group>"; };
		846E971A20E4889D00627FD0 /* CanadaModelTestCases.swift */ = {isa = PBXFileReference; lastKnownFileType = sourcecode.swift; path = CanadaModelTestCases.swift; sourceTree = "<group>"; };
		847D00E320D24F8000B25073 /* Utilities.swift */ = {isa = PBXFileReference; fileEncoding = 4; lastKnownFileType = sourcecode.swift; path = Utilities.swift; sourceTree = "<group>"; };
		84E1ED6620D19965005A9FF9 /* APIClient.swift */ = {isa = PBXFileReference; lastKnownFileType = sourcecode.swift; path = APIClient.swift; sourceTree = "<group>"; };
		84E1ED6820D19B3C005A9FF9 /* CanadaListViewModel.swift */ = {isa = PBXFileReference; lastKnownFileType = sourcecode.swift; path = CanadaListViewModel.swift; sourceTree = "<group>"; };
		911F88D4A8D566E8082BB94E /* Pods_POCTests.framework */ = {isa = PBXFileReference; explicitFileType = wrapper.framework; includeInIndex = 0; path = Pods_POCTests.framework; sourceTree = BUILT_PRODUCTS_DIR; };
		C0B54C48543D35C7746FAAD8 /* Pods-POCTests.debug.xcconfig */ = {isa = PBXFileReference; includeInIndex = 1; lastKnownFileType = text.xcconfig; name = "Pods-POCTests.debug.xcconfig"; path = "Pods/Target Support Files/Pods-POCTests/Pods-POCTests.debug.xcconfig"; sourceTree = "<group>"; };
		F0FAA7F8DB9AD1384664F275 /* Pods-POCUITests.release.xcconfig */ = {isa = PBXFileReference; includeInIndex = 1; lastKnownFileType = text.xcconfig; name = "Pods-POCUITests.release.xcconfig"; path = "Pods/Target Support Files/Pods-POCUITests/Pods-POCUITests.release.xcconfig"; sourceTree = "<group>"; };
/* End PBXFileReference section */

/* Begin PBXFrameworksBuildPhase section */
		8439D49020D10E1C002FC9C4 /* Frameworks */ = {
			isa = PBXFrameworksBuildPhase;
			buildActionMask = 2147483647;
			files = (
				BB233BEA5C2192D49C1DEA2C /* Pods_POC.framework in Frameworks */,
			);
			runOnlyForDeploymentPostprocessing = 0;
		};
		8439D4A720D10E38002FC9C4 /* Frameworks */ = {
			isa = PBXFrameworksBuildPhase;
			buildActionMask = 2147483647;
			files = (
				0FEE2B2FD504D64C51982C1E /* Pods_POCTests.framework in Frameworks */,
			);
			runOnlyForDeploymentPostprocessing = 0;
		};
		8439D4B220D10E39002FC9C4 /* Frameworks */ = {
			isa = PBXFrameworksBuildPhase;
			buildActionMask = 2147483647;
			files = (
				DC12CFA2B7ACAF32326C3C31 /* Pods_POCUITests.framework in Frameworks */,
			);
			runOnlyForDeploymentPostprocessing = 0;
		};
/* End PBXFrameworksBuildPhase section */

/* Begin PBXGroup section */
		16F5ACC55DE01F6AB206A472 /* Frameworks */ = {
			isa = PBXGroup;
			children = (
				6E277625A8308025FE0D03E9 /* Pods_POC.framework */,
				911F88D4A8D566E8082BB94E /* Pods_POCTests.framework */,
				0893A1E74D12065DBA3DA67C /* Pods_POCUITests.framework */,
			);
			name = Frameworks;
			sourceTree = "<group>";
		};
		8439D48A20D10E1B002FC9C4 = {
			isa = PBXGroup;
			children = (
				8439D49520D10E1D002FC9C4 /* POC */,
				8439D4AD20D10E38002FC9C4 /* POCTests */,
				8439D4B820D10E39002FC9C4 /* POCUITests */,
				8439D49420D10E1D002FC9C4 /* Products */,
				E18B34EFE82ED65F82BDB788 /* Pods */,
				16F5ACC55DE01F6AB206A472 /* Frameworks */,
			);
			sourceTree = "<group>";
		};
		8439D49420D10E1D002FC9C4 /* Products */ = {
			isa = PBXGroup;
			children = (
				8439D49320D10E1D002FC9C4 /* POC.app */,
				8439D4AA20D10E38002FC9C4 /* POCTests.xctest */,
				8439D4B520D10E39002FC9C4 /* POCUITests.xctest */,
			);
			name = Products;
			sourceTree = "<group>";
		};
		8439D49520D10E1D002FC9C4 /* POC */ = {
			isa = PBXGroup;
			children = (
				8439D49620D10E1D002FC9C4 /* AppDelegate.swift */,
				8439D4CE20D1122E002FC9C4 /* View */,
				8439D4CF20D11238002FC9C4 /* ViewModel */,
				8439D4CD20D11223002FC9C4 /* Model */,
				843E8B1920D3867A008981E8 /* Common */,
				8439D4A020D10E38002FC9C4 /* Assets.xcassets */,
				8439D4A520D10E38002FC9C4 /* Info.plist */,
			);
			path = POC;
			sourceTree = "<group>";
		};
		8439D4AD20D10E38002FC9C4 /* POCTests */ = {
			isa = PBXGroup;
			children = (
				843C684020E2A5AB00D27EB5 /* aboutcanada.json */,
				846E971A20E4889D00627FD0 /* CanadaModelTestCases.swift */,
				8439D4B020D10E39002FC9C4 /* Info.plist */,
			);
			path = POCTests;
			sourceTree = "<group>";
		};
		8439D4B820D10E39002FC9C4 /* POCUITests */ = {
			isa = PBXGroup;
			children = (
				8439D4B920D10E39002FC9C4 /* POCUITests.swift */,
				8439D4BB20D10E39002FC9C4 /* Info.plist */,
			);
			path = POCUITests;
			sourceTree = "<group>";
		};
		8439D4CD20D11223002FC9C4 /* Model */ = {
			isa = PBXGroup;
			children = (
				84E1ED6620D19965005A9FF9 /* APIClient.swift */,
				8439D4D020D112D3002FC9C4 /* CanadaListDataModel.swift */,
			);
			path = Model;
			sourceTree = "<group>";
		};
		8439D4CE20D1122E002FC9C4 /* View */ = {
			isa = PBXGroup;
			children = (
				843C683D20E24EF200D27EB5 /* CanadaListViewController.swift */,
				843C683C20E24EF200D27EB5 /* CanadaListTableViewCell.swift */,
			);
			path = View;
			sourceTree = "<group>";
		};
		8439D4CF20D11238002FC9C4 /* ViewModel */ = {
			isa = PBXGroup;
			children = (
				84E1ED6820D19B3C005A9FF9 /* CanadaListViewModel.swift */,
			);
			path = ViewModel;
			sourceTree = "<group>";
		};
		843E8B1920D3867A008981E8 /* Common */ = {
			isa = PBXGroup;
			children = (
				847D00E320D24F8000B25073 /* Utilities.swift */,
				843C683620D73E4A00D27EB5 /* Extention.swift */,
			);
			path = Common;
			sourceTree = "<group>";
		};
		E18B34EFE82ED65F82BDB788 /* Pods */ = {
			isa = PBXGroup;
			children = (
				4CFF588837BC91A2B19531DA /* Pods-POC.debug.xcconfig */,
				0E0611C8AB41BA6A5C5B586B /* Pods-POC.release.xcconfig */,
				C0B54C48543D35C7746FAAD8 /* Pods-POCTests.debug.xcconfig */,
				817CF7F7078ED28EC451338C /* Pods-POCTests.release.xcconfig */,
				68B14533CCB85C8F0166A9FB /* Pods-POCUITests.debug.xcconfig */,
				F0FAA7F8DB9AD1384664F275 /* Pods-POCUITests.release.xcconfig */,
			);
			name = Pods;
			sourceTree = "<group>";
		};
/* End PBXGroup section */

/* Begin PBXNativeTarget section */
		8439D49220D10E1C002FC9C4 /* POC */ = {
			isa = PBXNativeTarget;
			buildConfigurationList = 8439D4BE20D10E39002FC9C4 /* Build configuration list for PBXNativeTarget "POC" */;
			buildPhases = (
				7F8A22D01368B7CA882C115D /* [CP] Check Pods Manifest.lock */,
				8439D48F20D10E1C002FC9C4 /* Sources */,
				8439D49020D10E1C002FC9C4 /* Frameworks */,
				8439D49120D10E1C002FC9C4 /* Resources */,
				CAD565483789841A15F35F25 /* [CP] Embed Pods Frameworks */,
			);
			buildRules = (
			);
			dependencies = (
			);
			name = POC;
			productName = POC;
			productReference = 8439D49320D10E1D002FC9C4 /* POC.app */;
			productType = "com.apple.product-type.application";
		};
		8439D4A920D10E38002FC9C4 /* POCTests */ = {
			isa = PBXNativeTarget;
			buildConfigurationList = 8439D4C120D10E39002FC9C4 /* Build configuration list for PBXNativeTarget "POCTests" */;
			buildPhases = (
				8D49F7864CDCCBAB08227F34 /* [CP] Check Pods Manifest.lock */,
				8439D4A620D10E38002FC9C4 /* Sources */,
				8439D4A720D10E38002FC9C4 /* Frameworks */,
				8439D4A820D10E38002FC9C4 /* Resources */,
			);
			buildRules = (
			);
			dependencies = (
				8439D4AC20D10E38002FC9C4 /* PBXTargetDependency */,
			);
			name = POCTests;
			productName = POCTests;
			productReference = 8439D4AA20D10E38002FC9C4 /* POCTests.xctest */;
			productType = "com.apple.product-type.bundle.unit-test";
		};
		8439D4B420D10E39002FC9C4 /* POCUITests */ = {
			isa = PBXNativeTarget;
			buildConfigurationList = 8439D4C420D10E39002FC9C4 /* Build configuration list for PBXNativeTarget "POCUITests" */;
			buildPhases = (
				72A7F1E45F9253548378ABDF /* [CP] Check Pods Manifest.lock */,
				8439D4B120D10E39002FC9C4 /* Sources */,
				8439D4B220D10E39002FC9C4 /* Frameworks */,
				8439D4B320D10E39002FC9C4 /* Resources */,
			);
			buildRules = (
			);
			dependencies = (
				8439D4B720D10E39002FC9C4 /* PBXTargetDependency */,
			);
			name = POCUITests;
			productName = POCUITests;
			productReference = 8439D4B520D10E39002FC9C4 /* POCUITests.xctest */;
			productType = "com.apple.product-type.bundle.ui-testing";
		};
/* End PBXNativeTarget section */

/* Begin PBXProject section */
		8439D48B20D10E1B002FC9C4 /* Project object */ = {
			isa = PBXProject;
			attributes = {
				LastSwiftUpdateCheck = 0940;
				LastUpgradeCheck = 0940;
				ORGANIZATIONNAME = Bhaskar;
				TargetAttributes = {
					8439D49220D10E1C002FC9C4 = {
						CreatedOnToolsVersion = 9.4;
					};
					8439D4A920D10E38002FC9C4 = {
						CreatedOnToolsVersion = 9.4;
						TestTargetID = 8439D49220D10E1C002FC9C4;
					};
					8439D4B420D10E39002FC9C4 = {
						CreatedOnToolsVersion = 9.4;
						TestTargetID = 8439D49220D10E1C002FC9C4;
					};
				};
			};
			buildConfigurationList = 8439D48E20D10E1B002FC9C4 /* Build configuration list for PBXProject "POC" */;
			compatibilityVersion = "Xcode 9.3";
			developmentRegion = en;
			hasScannedForEncodings = 0;
			knownRegions = (
				en,
				Base,
			);
			mainGroup = 8439D48A20D10E1B002FC9C4;
			productRefGroup = 8439D49420D10E1D002FC9C4 /* Products */;
			projectDirPath = "";
			projectRoot = "";
			targets = (
				8439D49220D10E1C002FC9C4 /* POC */,
				8439D4A920D10E38002FC9C4 /* POCTests */,
				8439D4B420D10E39002FC9C4 /* POCUITests */,
			);
		};
/* End PBXProject section */

/* Begin PBXResourcesBuildPhase section */
		8439D49120D10E1C002FC9C4 /* Resources */ = {
			isa = PBXResourcesBuildPhase;
			buildActionMask = 2147483647;
			files = (
				8439D4A120D10E38002FC9C4 /* Assets.xcassets in Resources */,
				843C684120E2A5AC00D27EB5 /* aboutcanada.json in Resources */,
			);
			runOnlyForDeploymentPostprocessing = 0;
		};
		8439D4A820D10E38002FC9C4 /* Resources */ = {
			isa = PBXResourcesBuildPhase;
			buildActionMask = 2147483647;
			files = (
				843C684220E2A5AC00D27EB5 /* aboutcanada.json in Resources */,
			);
			runOnlyForDeploymentPostprocessing = 0;
		};
		8439D4B320D10E39002FC9C4 /* Resources */ = {
			isa = PBXResourcesBuildPhase;
			buildActionMask = 2147483647;
			files = (
			);
			runOnlyForDeploymentPostprocessing = 0;
		};
/* End PBXResourcesBuildPhase section */

/* Begin PBXShellScriptBuildPhase section */
		72A7F1E45F9253548378ABDF /* [CP] Check Pods Manifest.lock */ = {
			isa = PBXShellScriptBuildPhase;
			buildActionMask = 2147483647;
			files = (
			);
			inputPaths = (
				"${PODS_PODFILE_DIR_PATH}/Podfile.lock",
				"${PODS_ROOT}/Manifest.lock",
			);
			name = "[CP] Check Pods Manifest.lock";
			outputPaths = (
				"$(DERIVED_FILE_DIR)/Pods-POCUITests-checkManifestLockResult.txt",
			);
			runOnlyForDeploymentPostprocessing = 0;
			shellPath = /bin/sh;
			shellScript = "diff \"${PODS_PODFILE_DIR_PATH}/Podfile.lock\" \"${PODS_ROOT}/Manifest.lock\" > /dev/null\nif [ $? != 0 ] ; then\n    # print error to STDERR\n    echo \"error: The sandbox is not in sync with the Podfile.lock. Run 'pod install' or update your CocoaPods installation.\" >&2\n    exit 1\nfi\n# This output is used by Xcode 'outputs' to avoid re-running this script phase.\necho \"SUCCESS\" > \"${SCRIPT_OUTPUT_FILE_0}\"\n";
			showEnvVarsInLog = 0;
		};
		7F8A22D01368B7CA882C115D /* [CP] Check Pods Manifest.lock */ = {
			isa = PBXShellScriptBuildPhase;
			buildActionMask = 2147483647;
			files = (
			);
			inputPaths = (
				"${PODS_PODFILE_DIR_PATH}/Podfile.lock",
				"${PODS_ROOT}/Manifest.lock",
			);
			name = "[CP] Check Pods Manifest.lock";
			outputPaths = (
				"$(DERIVED_FILE_DIR)/Pods-POC-checkManifestLockResult.txt",
			);
			runOnlyForDeploymentPostprocessing = 0;
			shellPath = /bin/sh;
			shellScript = "diff \"${PODS_PODFILE_DIR_PATH}/Podfile.lock\" \"${PODS_ROOT}/Manifest.lock\" > /dev/null\nif [ $? != 0 ] ; then\n    # print error to STDERR\n    echo \"error: The sandbox is not in sync with the Podfile.lock. Run 'pod install' or update your CocoaPods installation.\" >&2\n    exit 1\nfi\n# This output is used by Xcode 'outputs' to avoid re-running this script phase.\necho \"SUCCESS\" > \"${SCRIPT_OUTPUT_FILE_0}\"\n";
			showEnvVarsInLog = 0;
		};
		8D49F7864CDCCBAB08227F34 /* [CP] Check Pods Manifest.lock */ = {
			isa = PBXShellScriptBuildPhase;
			buildActionMask = 2147483647;
			files = (
			);
			inputPaths = (
				"${PODS_PODFILE_DIR_PATH}/Podfile.lock",
				"${PODS_ROOT}/Manifest.lock",
			);
			name = "[CP] Check Pods Manifest.lock";
			outputPaths = (
				"$(DERIVED_FILE_DIR)/Pods-POCTests-checkManifestLockResult.txt",
			);
			runOnlyForDeploymentPostprocessing = 0;
			shellPath = /bin/sh;
			shellScript = "diff \"${PODS_PODFILE_DIR_PATH}/Podfile.lock\" \"${PODS_ROOT}/Manifest.lock\" > /dev/null\nif [ $? != 0 ] ; then\n    # print error to STDERR\n    echo \"error: The sandbox is not in sync with the Podfile.lock. Run 'pod install' or update your CocoaPods installation.\" >&2\n    exit 1\nfi\n# This output is used by Xcode 'outputs' to avoid re-running this script phase.\necho \"SUCCESS\" > \"${SCRIPT_OUTPUT_FILE_0}\"\n";
			showEnvVarsInLog = 0;
		};
		CAD565483789841A15F35F25 /* [CP] Embed Pods Frameworks */ = {
			isa = PBXShellScriptBuildPhase;
			buildActionMask = 2147483647;
			files = (
			);
			inputPaths = (
				"${SRCROOT}/Pods/Target Support Files/Pods-POC/Pods-POC-frameworks.sh",
				"${BUILT_PRODUCTS_DIR}/Alamofire/Alamofire.framework",
				"${BUILT_PRODUCTS_DIR}/SDWebImage/SDWebImage.framework",
			);
			name = "[CP] Embed Pods Frameworks";
			outputPaths = (
				"${TARGET_BUILD_DIR}/${FRAMEWORKS_FOLDER_PATH}/Alamofire.framework",
				"${TARGET_BUILD_DIR}/${FRAMEWORKS_FOLDER_PATH}/SDWebImage.framework",
			);
			runOnlyForDeploymentPostprocessing = 0;
			shellPath = /bin/sh;
			shellScript = "\"${SRCROOT}/Pods/Target Support Files/Pods-POC/Pods-POC-frameworks.sh\"\n";
			showEnvVarsInLog = 0;
		};
/* End PBXShellScriptBuildPhase section */

/* Begin PBXSourcesBuildPhase section */
		8439D48F20D10E1C002FC9C4 /* Sources */ = {
			isa = PBXSourcesBuildPhase;
			buildActionMask = 2147483647;
			files = (
				847D00E420D24F8300B25073 /* Utilities.swift in Sources */,
				84E1ED6720D19965005A9FF9 /* APIClient.swift in Sources */,
				8439D4D120D112D3002FC9C4 /* CanadaListDataModel.swift in Sources */,
				8439D49720D10E1D002FC9C4 /* AppDelegate.swift in Sources */,
				843C683F20E24EF200D27EB5 /* CanadaListViewController.swift in Sources */,
				843C683720D73E4A00D27EB5 /* Extention.swift in Sources */,
				843C683E20E24EF200D27EB5 /* CanadaListTableViewCell.swift in Sources */,
				84E1ED6920D19B3C005A9FF9 /* CanadaListViewModel.swift in Sources */,
			);
			runOnlyForDeploymentPostprocessing = 0;
		};
		8439D4A620D10E38002FC9C4 /* Sources */ = {
			isa = PBXSourcesBuildPhase;
			buildActionMask = 2147483647;
			files = (
				846E971B20E4889D00627FD0 /* CanadaModelTestCases.swift in Sources */,
			);
			runOnlyForDeploymentPostprocessing = 0;
		};
		8439D4B120D10E39002FC9C4 /* Sources */ = {
			isa = PBXSourcesBuildPhase;
			buildActionMask = 2147483647;
			files = (
				8439D4BA20D10E39002FC9C4 /* POCUITests.swift in Sources */,
			);
			runOnlyForDeploymentPostprocessing = 0;
		};
/* End PBXSourcesBuildPhase section */

/* Begin PBXTargetDependency section */
		8439D4AC20D10E38002FC9C4 /* PBXTargetDependency */ = {
			isa = PBXTargetDependency;
			target = 8439D49220D10E1C002FC9C4 /* POC */;
			targetProxy = 8439D4AB20D10E38002FC9C4 /* PBXContainerItemProxy */;
		};
		8439D4B720D10E39002FC9C4 /* PBXTargetDependency */ = {
			isa = PBXTargetDependency;
			target = 8439D49220D10E1C002FC9C4 /* POC */;
			targetProxy = 8439D4B620D10E39002FC9C4 /* PBXContainerItemProxy */;
		};
/* End PBXTargetDependency section */

/* Begin XCBuildConfiguration section */
		8439D4BC20D10E39002FC9C4 /* Debug */ = {
			isa = XCBuildConfiguration;
			buildSettings = {
				ALWAYS_SEARCH_USER_PATHS = NO;
				CLANG_ANALYZER_NONNULL = YES;
				CLANG_ANALYZER_NUMBER_OBJECT_CONVERSION = YES_AGGRESSIVE;
				CLANG_CXX_LANGUAGE_STANDARD = "gnu++14";
				CLANG_CXX_LIBRARY = "libc++";
				CLANG_ENABLE_MODULES = YES;
				CLANG_ENABLE_OBJC_ARC = YES;
				CLANG_ENABLE_OBJC_WEAK = YES;
				CLANG_WARN_BLOCK_CAPTURE_AUTORELEASING = YES;
				CLANG_WARN_BOOL_CONVERSION = YES;
				CLANG_WARN_COMMA = YES;
				CLANG_WARN_CONSTANT_CONVERSION = YES;
				CLANG_WARN_DEPRECATED_OBJC_IMPLEMENTATIONS = YES;
				CLANG_WARN_DIRECT_OBJC_ISA_USAGE = YES_ERROR;
				CLANG_WARN_DOCUMENTATION_COMMENTS = YES;
				CLANG_WARN_EMPTY_BODY = YES;
				CLANG_WARN_ENUM_CONVERSION = YES;
				CLANG_WARN_INFINITE_RECURSION = YES;
				CLANG_WARN_INT_CONVERSION = YES;
				CLANG_WARN_NON_LITERAL_NULL_CONVERSION = YES;
				CLANG_WARN_OBJC_IMPLICIT_RETAIN_SELF = YES;
				CLANG_WARN_OBJC_LITERAL_CONVERSION = YES;
				CLANG_WARN_OBJC_ROOT_CLASS = YES_ERROR;
				CLANG_WARN_RANGE_LOOP_ANALYSIS = YES;
				CLANG_WARN_STRICT_PROTOTYPES = YES;
				CLANG_WARN_SUSPICIOUS_MOVE = YES;
				CLANG_WARN_UNGUARDED_AVAILABILITY = YES_AGGRESSIVE;
				CLANG_WARN_UNREACHABLE_CODE = YES;
				CLANG_WARN__DUPLICATE_METHOD_MATCH = YES;
				CODE_SIGN_IDENTITY = "iPhone Developer";
				COPY_PHASE_STRIP = NO;
				DEBUG_INFORMATION_FORMAT = dwarf;
				ENABLE_STRICT_OBJC_MSGSEND = YES;
				ENABLE_TESTABILITY = NO;
				GCC_C_LANGUAGE_STANDARD = gnu11;
				GCC_DYNAMIC_NO_PIC = NO;
				GCC_NO_COMMON_BLOCKS = YES;
				GCC_OPTIMIZATION_LEVEL = 0;
				GCC_PREPROCESSOR_DEFINITIONS = (
					"DEBUG=1",
					"$(inherited)",
				);
				GCC_WARN_64_TO_32_BIT_CONVERSION = YES;
				GCC_WARN_ABOUT_RETURN_TYPE = YES_ERROR;
				GCC_WARN_UNDECLARED_SELECTOR = YES;
				GCC_WARN_UNINITIALIZED_AUTOS = YES_AGGRESSIVE;
				GCC_WARN_UNUSED_FUNCTION = YES;
				GCC_WARN_UNUSED_VARIABLE = YES;
				IPHONEOS_DEPLOYMENT_TARGET = 11.4;
				MTL_ENABLE_DEBUG_INFO = NO;
				ONLY_ACTIVE_ARCH = NO;
				SDKROOT = iphoneos;
				SWIFT_ACTIVE_COMPILATION_CONDITIONS = "";
				SWIFT_OPTIMIZATION_LEVEL = "-Onone";
			};
			name = Debug;
		};
		8439D4BD20D10E39002FC9C4 /* Release */ = {
			isa = XCBuildConfiguration;
			buildSettings = {
				ALWAYS_SEARCH_USER_PATHS = NO;
				CLANG_ANALYZER_NONNULL = YES;
				CLANG_ANALYZER_NUMBER_OBJECT_CONVERSION = YES_AGGRESSIVE;
				CLANG_CXX_LANGUAGE_STANDARD = "gnu++14";
				CLANG_CXX_LIBRARY = "libc++";
				CLANG_ENABLE_MODULES = YES;
				CLANG_ENABLE_OBJC_ARC = YES;
				CLANG_ENABLE_OBJC_WEAK = YES;
				CLANG_WARN_BLOCK_CAPTURE_AUTORELEASING = YES;
				CLANG_WARN_BOOL_CONVERSION = YES;
				CLANG_WARN_COMMA = YES;
				CLANG_WARN_CONSTANT_CONVERSION = YES;
				CLANG_WARN_DEPRECATED_OBJC_IMPLEMENTATIONS = YES;
				CLANG_WARN_DIRECT_OBJC_ISA_USAGE = YES_ERROR;
				CLANG_WARN_DOCUMENTATION_COMMENTS = YES;
				CLANG_WARN_EMPTY_BODY = YES;
				CLANG_WARN_ENUM_CONVERSION = YES;
				CLANG_WARN_INFINITE_RECURSION = YES;
				CLANG_WARN_INT_CONVERSION = YES;
				CLANG_WARN_NON_LITERAL_NULL_CONVERSION = YES;
				CLANG_WARN_OBJC_IMPLICIT_RETAIN_SELF = YES;
				CLANG_WARN_OBJC_LITERAL_CONVERSION = YES;
				CLANG_WARN_OBJC_ROOT_CLASS = YES_ERROR;
				CLANG_WARN_RANGE_LOOP_ANALYSIS = YES;
				CLANG_WARN_STRICT_PROTOTYPES = YES;
				CLANG_WARN_SUSPICIOUS_MOVE = YES;
				CLANG_WARN_UNGUARDED_AVAILABILITY = YES_AGGRESSIVE;
				CLANG_WARN_UNREACHABLE_CODE = YES;
				CLANG_WARN__DUPLICATE_METHOD_MATCH = YES;
				CODE_SIGN_IDENTITY = "iPhone Developer";
				COPY_PHASE_STRIP = NO;
				DEBUG_INFORMATION_FORMAT = "dwarf-with-dsym";
				ENABLE_NS_ASSERTIONS = NO;
				ENABLE_STRICT_OBJC_MSGSEND = YES;
				ENABLE_TESTABILITY = YES;
				GCC_C_LANGUAGE_STANDARD = gnu11;
				GCC_NO_COMMON_BLOCKS = YES;
				GCC_WARN_64_TO_32_BIT_CONVERSION = YES;
				GCC_WARN_ABOUT_RETURN_TYPE = YES_ERROR;
				GCC_WARN_UNDECLARED_SELECTOR = YES;
				GCC_WARN_UNINITIALIZED_AUTOS = YES_AGGRESSIVE;
				GCC_WARN_UNUSED_FUNCTION = YES;
				GCC_WARN_UNUSED_VARIABLE = YES;
				IPHONEOS_DEPLOYMENT_TARGET = 11.4;
				MTL_ENABLE_DEBUG_INFO = NO;
				ONLY_ACTIVE_ARCH = YES;
				SDKROOT = iphoneos;
				SWIFT_COMPILATION_MODE = wholemodule;
				SWIFT_OPTIMIZATION_LEVEL = "-O";
				VALIDATE_PRODUCT = YES;
			};
			name = Release;
		};
		8439D4BF20D10E39002FC9C4 /* Debug */ = {
			isa = XCBuildConfiguration;
			baseConfigurationReference = 4CFF588837BC91A2B19531DA /* Pods-POC.debug.xcconfig */;
			buildSettings = {
				ASSETCATALOG_COMPILER_APPICON_NAME = AppIcon;
				CODE_SIGN_STYLE = Automatic;
				DEBUG_INFORMATION_FORMAT = "dwarf-with-dsym";
				ENABLE_TESTABILITY = YES;
				INFOPLIST_FILE = POC/Info.plist;
				IPHONEOS_DEPLOYMENT_TARGET = 11.0;
				LD_RUNPATH_SEARCH_PATHS = "$(inherited) @executable_path/Frameworks";
				MTL_ENABLE_DEBUG_INFO = NO;
				ONLY_ACTIVE_ARCH = YES;
				PRODUCT_BUNDLE_IDENTIFIER = personal.POC;
				PRODUCT_NAME = "$(TARGET_NAME)";
				SWIFT_VERSION = 4.0;
				TARGETED_DEVICE_FAMILY = "1,2";
				VALIDATE_PRODUCT = YES;
			};
			name = Debug;
		};
		8439D4C020D10E39002FC9C4 /* Release */ = {
			isa = XCBuildConfiguration;
			baseConfigurationReference = 0E0611C8AB41BA6A5C5B586B /* Pods-POC.release.xcconfig */;
			buildSettings = {
				ASSETCATALOG_COMPILER_APPICON_NAME = AppIcon;
				CODE_SIGN_STYLE = Automatic;
				ENABLE_TESTABILITY = NO;
				INFOPLIST_FILE = POC/Info.plist;
				IPHONEOS_DEPLOYMENT_TARGET = 11.0;
				LD_RUNPATH_SEARCH_PATHS = "$(inherited) @executable_path/Frameworks";
				MTL_ENABLE_DEBUG_INFO = NO;
				ONLY_ACTIVE_ARCH = NO;
				PRODUCT_BUNDLE_IDENTIFIER = personal.POC;
				PRODUCT_NAME = "$(TARGET_NAME)";
				SWIFT_VERSION = 4.0;
				TARGETED_DEVICE_FAMILY = "1,2";
				VALIDATE_PRODUCT = NO;
			};
			name = Release;
		};
		8439D4C220D10E39002FC9C4 /* Debug */ = {
			isa = XCBuildConfiguration;
			baseConfigurationReference = C0B54C48543D35C7746FAAD8 /* Pods-POCTests.debug.xcconfig */;
			buildSettings = {
				ALWAYS_EMBED_SWIFT_STANDARD_LIBRARIES = YES;
				BUNDLE_LOADER = "$(TEST_HOST)";
				CODE_SIGN_STYLE = Automatic;
				INFOPLIST_FILE = POCTests/Info.plist;
				LD_RUNPATH_SEARCH_PATHS = "$(inherited) @executable_path/Frameworks @loader_path/Frameworks";
				PRODUCT_BUNDLE_IDENTIFIER = personal.POCTests;
				PRODUCT_NAME = "$(TARGET_NAME)";
				SWIFT_VERSION = 4.0;
				TARGETED_DEVICE_FAMILY = "1,2";
				TEST_HOST = "$(BUILT_PRODUCTS_DIR)/POC.app/POC";
			};
			name = Debug;
		};
		8439D4C320D10E39002FC9C4 /* Release */ = {
			isa = XCBuildConfiguration;
			baseConfigurationReference = 817CF7F7078ED28EC451338C /* Pods-POCTests.release.xcconfig */;
			buildSettings = {
				ALWAYS_EMBED_SWIFT_STANDARD_LIBRARIES = YES;
				BUNDLE_LOADER = "$(TEST_HOST)";
				CODE_SIGN_STYLE = Automatic;
				INFOPLIST_FILE = POCTests/Info.plist;
				LD_RUNPATH_SEARCH_PATHS = "$(inherited) @executable_path/Frameworks @loader_path/Frameworks";
				PRODUCT_BUNDLE_IDENTIFIER = personal.POCTests;
				PRODUCT_NAME = "$(TARGET_NAME)";
				SWIFT_VERSION = 4.0;
				TARGETED_DEVICE_FAMILY = "1,2";
				TEST_HOST = "$(BUILT_PRODUCTS_DIR)/POC.app/POC";
			};
			name = Release;
		};
		8439D4C520D10E39002FC9C4 /* Debug */ = {
			isa = XCBuildConfiguration;
			baseConfigurationReference = 68B14533CCB85C8F0166A9FB /* Pods-POCUITests.debug.xcconfig */;
			buildSettings = {
				ALWAYS_EMBED_SWIFT_STANDARD_LIBRARIES = YES;
				CODE_SIGN_STYLE = Automatic;
				INFOPLIST_FILE = POCUITests/Info.plist;
				LD_RUNPATH_SEARCH_PATHS = "$(inherited) @executable_path/Frameworks @loader_path/Frameworks";
				PRODUCT_BUNDLE_IDENTIFIER = personal.POCUITests;
				PRODUCT_NAME = "$(TARGET_NAME)";
				SWIFT_VERSION = 4.0;
				TARGETED_DEVICE_FAMILY = "1,2";
				TEST_TARGET_NAME = POC;
			};
			name = Debug;
		};
		8439D4C620D10E39002FC9C4 /* Release */ = {
			isa = XCBuildConfiguration;
			baseConfigurationReference = F0FAA7F8DB9AD1384664F275 /* Pods-POCUITests.release.xcconfig */;
			buildSettings = {
				ALWAYS_EMBED_SWIFT_STANDARD_LIBRARIES = YES;
				CODE_SIGN_STYLE = Automatic;
				INFOPLIST_FILE = POCUITests/Info.plist;
				LD_RUNPATH_SEARCH_PATHS = "$(inherited) @executable_path/Frameworks @loader_path/Frameworks";
				PRODUCT_BUNDLE_IDENTIFIER = personal.POCUITests;
				PRODUCT_NAME = "$(TARGET_NAME)";
				SWIFT_VERSION = 4.0;
				TARGETED_DEVICE_FAMILY = "1,2";
				TEST_TARGET_NAME = POC;
			};
			name = Release;
		};
/* End XCBuildConfiguration section */

/* Begin XCConfigurationList section */
		8439D48E20D10E1B002FC9C4 /* Build configuration list for PBXProject "POC" */ = {
			isa = XCConfigurationList;
			buildConfigurations = (
				8439D4BC20D10E39002FC9C4 /* Debug */,
				8439D4BD20D10E39002FC9C4 /* Release */,
			);
			defaultConfigurationIsVisible = 0;
			defaultConfigurationName = Release;
		};
		8439D4BE20D10E39002FC9C4 /* Build configuration list for PBXNativeTarget "POC" */ = {
			isa = XCConfigurationList;
			buildConfigurations = (
				8439D4BF20D10E39002FC9C4 /* Debug */,
				8439D4C020D10E39002FC9C4 /* Release */,
			);
			defaultConfigurationIsVisible = 0;
			defaultConfigurationName = Release;
		};
		8439D4C120D10E39002FC9C4 /* Build configuration list for PBXNativeTarget "POCTests" */ = {
			isa = XCConfigurationList;
			buildConfigurations = (
				8439D4C220D10E39002FC9C4 /* Debug */,
				8439D4C320D10E39002FC9C4 /* Release */,
			);
			defaultConfigurationIsVisible = 0;
			defaultConfigurationName = Release;
		};
		8439D4C420D10E39002FC9C4 /* Build configuration list for PBXNativeTarget "POCUITests" */ = {
			isa = XCConfigurationList;
			buildConfigurations = (
				8439D4C520D10E39002FC9C4 /* Debug */,
				8439D4C620D10E39002FC9C4 /* Release */,
			);
			defaultConfigurationIsVisible = 0;
			defaultConfigurationName = Release;
		};
/* End XCConfigurationList section */
	};
	rootObject = 8439D48B20D10E1B002FC9C4 /* Project object */;
}
